
Microsoft Visual Studio Solution File, Format Version 12.00
# Visual Studio Version 17
VisualStudioVersion = 17.5.33627.172
MinimumVisualStudioVersion = 10.0.40219.1
Project("{FAE04EC0-301F-11D3-BF4B-00C04F79EFBC}") = "Hotel_fin", "Hotel_fin.csproj", "{5F36D0D5-D42F-4DCD-906F-C4792DE1D37B}"
EndProject
Global
	GlobalSection(SolutionConfigurationPlatforms) = preSolution
		Debug|Any CPU = Debug|Any CPU
		Release|Any CPU = Release|Any CPU
	EndGlobalSection
	GlobalSection(ProjectConfigurationPlatforms) = postSolution
		{5F36D0D5-D42F-4DCD-906F-C4792DE1D37B}.Debug|Any CPU.ActiveCfg = Debug|Any CPU
		{5F36D0D5-D42F-4DCD-906F-C4792DE1D37B}.Debug|Any CPU.Build.0 = Debug|Any CPU
		{5F36D0D5-D42F-4DCD-906F-C4792DE1D37B}.Release|Any CPU.ActiveCfg = Release|Any CPU
		{5F36D0D5-D42F-4DCD-906F-C4792DE1D37B}.Release|Any CPU.Build.0 = Release|Any CPU
	EndGlobalSection
	GlobalSection(SolutionProperties) = preSolution
		HideSolutionNode = FALSE
	EndGlobalSection
	GlobalSection(ExtensibilityGlobals) = postSolution
		SolutionGuid = {B434E3BE-390E-46A4-9DF4-6EA2C77F8F10}
	EndGlobalSection
EndGlobal
